{
  "version": "3",
  "remote": {
    "https://deno.land/std@0.106.0/encoding/base64.ts": "eecae390f1f1d1cae6f6c6d732ede5276bf4b9cd29b1d281678c054dc5cc009e",
    "https://deno.land/std@0.201.0/assert/assert.ts": "9a97dad6d98c238938e7540736b826440ad8c1c1e54430ca4c4e623e585607ee",
    "https://deno.land/std@0.201.0/assert/assertion_error.ts": "4d0bde9b374dfbcbe8ac23f54f567b77024fb67dbb1906a852d67fe050d42f56",
    "https://deno.land/std@0.201.0/console/_data.json": "cf2cc9d039a192b3adbfe64627167c7e6212704c888c25c769fc8f1709e1e1b8",
    "https://deno.land/std@0.201.0/console/_rle.ts": "56668d5c44f964f1b4ff93f21c9896df42d6ee4394e814db52d6d13f5bb247c7",
    "https://deno.land/std@0.201.0/console/mod.ts": "3990c6834cc6f912ff49b178c439225f0006c8a8b8c6ac12ca53d8dab414d8c9",
    "https://deno.land/std@0.201.0/console/unicode_width.ts": "10661c0f2eeab802d16b8b85ed8825bbc573991bbfb6affed32dc1ff994f54f9",
    "https://deno.land/std@0.203.0/assert/assert.ts": "9a97dad6d98c238938e7540736b826440ad8c1c1e54430ca4c4e623e585607ee",
    "https://deno.land/std@0.203.0/assert/assertion_error.ts": "4d0bde9b374dfbcbe8ac23f54f567b77024fb67dbb1906a852d67fe050d42f56",
    "https://deno.land/std@0.203.0/async/retry.ts": "296fb9c323e1325a69bee14ba947e7da7409a8dd9dd646d70cb51ea0d301f24e",
    "https://deno.land/std@0.203.0/async/tee.ts": "47e42d35f622650b02234d43803d0383a89eb4387e1b83b5a40106d18ae36757",
    "https://deno.land/std@0.203.0/fmt/colors.ts": "c51c4642678eb690dcf5ffee5918b675bf01a33fba82acf303701ae1a4f8c8d9",
    "https://deno.land/x/asynciter@0.0.18/asynciter.ts": "8b0a25e426e0c747dadb15123c450e676b389ac24b480fb075a61f971ebdc673",
    "https://deno.land/x/asynciter@0.0.18/collect.ts": "dea80ad4df11603912cad276a211671d67539dbcf7e627de99d11b2dd90a66fe",
    "https://deno.land/x/asynciter@0.0.18/concurrent-map.ts": "8503926d0801981d2041127f5966cb34878ee54ca21a1a85e1e0727950311eaf",
    "https://deno.land/x/asynciter@0.0.18/filter.ts": "a82a1a1bc952d62b5f45048887382d9d05bdcf4f5f29b876e50607b66a83e866",
    "https://deno.land/x/asynciter@0.0.18/first.ts": "cf5e9924b4aecc98ff5358e260cca5aadba052d060b7d33793749e84169b8aa4",
    "https://deno.land/x/asynciter@0.0.18/flatten.ts": "354be48cd754e5277b237c4dfb4ce98f177b40f3975b671ba70603a4c3d52a2e",
    "https://deno.land/x/asynciter@0.0.18/for-each.ts": "213a0aa26439edc20fbf6350c3f0ccb38187a0b41875fa0e973a3eaf154aeae1",
    "https://deno.land/x/asynciter@0.0.18/map.ts": "862688e7ad18d96011aab9be0bf98cea98ac26fe2a8872373bceb6cbb9fea89e",
    "https://deno.land/x/asynciter@0.0.18/mod.ts": "03c709ac8604e86af0f6277bafef611aa317d9f5cf2e54b97671354e0c9f22d5",
    "https://deno.land/x/asynciter@0.0.18/reduce.ts": "e3a7bbb52626f445c502eee237c5f5f71c8a220b614e2cf93276c23386964737",
    "https://deno.land/x/canvas@v1.4.1/deps.ts": "e956026d98094946166e06d7b799290b732db015813870d84e04e33ab88e98f3",
    "https://deno.land/x/canvas@v1.4.1/mod.ts": "a4e16972647ceafef58612a377a218372454c99d2c9da615a132694597114f80",
    "https://deno.land/x/canvas@v1.4.1/src/base64.ts": "0928031fdba0c43b617154fbe2eb7578366460c04da1422933ae5e936d3d0349",
    "https://deno.land/x/canvas@v1.4.1/src/canvas.ts": "58119999b04f68ebeed2627485c5c24c5b0c029707edde0b6568814f9049a3a8",
    "https://deno.land/x/canvas@v1.4.1/src/canvaskit.ts": "c3d807472cbb3e1d9fc01bb43ff974ef796c4b010178d1595be5fa793cce5e7d",
    "https://deno.land/x/canvas@v1.4.1/src/color_util.ts": "28f1072f0a5acbe7add7fac2f452311a47b44c080806fc4057de2d2e405c6c1c",
    "https://deno.land/x/canvas@v1.4.1/src/lib.js": "bb21711589bfbc8997b455cdf53e3150e23289f3b44809188041b1d2fc7924fa",
    "https://deno.land/x/canvas@v1.4.1/src/types.ts": "67d5800f8f4b0a407e0251676a03ae91b5f50a3ed53e6b72dc5984113cb93128",
    "https://deno.land/x/canvas@v1.4.1/src/wasm.js": "449d72cc14fc4142a5853f944df49a744d852981d09c5515528ede8aebb0afda",
    "https://deno.land/x/proc@0.20.43/mod3.ts": "0b0f9a0bf4bcb5b1e400e62237554d37cb9b1ca83b5f2ba5339c0188f971b98a",
    "https://deno.land/x/proc@0.20.43/src/cache.ts": "ef49a7872ead160334a3a7d92a9beef30425714a3c9443e4776bc0cb9492e557",
    "https://deno.land/x/proc@0.20.43/src/deps/asynciter.ts": "a2b45e13b2f27de7bf6a3fa001035ccdbdf42183c8a2ea89c68c6145b7fce798",
    "https://deno.land/x/proc@0.20.43/src/deps/colors.ts": "f5c99e6e391b3d50de344cd972dbcc018a57467f932f76c4a334507f4cf6f22c",
    "https://deno.land/x/proc@0.20.43/src/deps/retry.ts": "f905960614bc2d9227cc87304f4be7a0241ddc0d81fd0667e6223735c4b786f0",
    "https://deno.land/x/proc@0.20.43/src/deps/tee.ts": "3ae0ebb100d069668dbf2dff66843d0bad1067cdd12a93df62598b49abccb46d",
    "https://deno.land/x/proc@0.20.43/src/enumerable.ts": "fc67340934560d36b28bb6967b7fe0c0ee385a5ec516aea700c8e21c183bf4d2",
    "https://deno.land/x/proc@0.20.43/src/helpers.ts": "7208fffd350c1fa47a4e31f7f0e82f2731cf14d60fd3ec822290dcab3d356e4d",
    "https://deno.land/x/proc@0.20.43/src/process.ts": "d9d29bc7ef5430f143939ac241347f735b941c878f51b1608e6ff7eb3e7336f3",
    "https://deno.land/x/proc@0.20.43/src/run.ts": "c6403705021d32a42152ecd7b912eed35547d8d4edb3a3b37076200e69e48755",
    "https://deno.land/x/proc@0.20.43/src/transformers.ts": "867f6ab273c5006fcf5ac4d516bada11b1b7a7ace40d24469cc58c1c9ecd53f4",
    "https://deno.land/x/proc@0.20.43/src/utility.ts": "72567395a916c7a2c3f951c0b6e195d2c6f992beff02ec732152175ca1fffe06",
    "https://deno.land/x/proc@0.20.43/src/writable-iterable.ts": "373b096c1ff2301c14cd8806b98dbab4951f670caf556a3318c61f35a87072ab"
  }
}
